// !$*UTF8*$!
{
	archiveVersion = 1;
	classes = {
	};
	objectVersion = 55;
	objects = {

/* Begin PBXBuildFile section */
		F087C28928FF1CF800310A38 /* Models.swift in Sources */ = {isa = PBXBuildFile; fileRef = F087C28828FF1CF800310A38 /* Models.swift */; };
		F087C29A290049F800310A38 /* Constant.swift in Sources */ = {isa = PBXBuildFile; fileRef = F087C299290049F800310A38 /* Constant.swift */; };
		F087C29C2901514200310A38 /* TopNewsTableViewCell.swift in Sources */ = {isa = PBXBuildFile; fileRef = F087C29B2901514200310A38 /* TopNewsTableViewCell.swift */; };
		F0B65D3528FE88250087E6ED /* AppDelegate.swift in Sources */ = {isa = PBXBuildFile; fileRef = F0B65D3428FE88250087E6ED /* AppDelegate.swift */; };
		F0B65D3728FE88250087E6ED /* SceneDelegate.swift in Sources */ = {isa = PBXBuildFile; fileRef = F0B65D3628FE88250087E6ED /* SceneDelegate.swift */; };
		F0B65D3928FE88250087E6ED /* MainViewController.swift in Sources */ = {isa = PBXBuildFile; fileRef = F0B65D3828FE88250087E6ED /* MainViewController.swift */; };
		F0B65D3C28FE88250087E6ED /* Main.storyboard in Resources */ = {isa = PBXBuildFile; fileRef = F0B65D3A28FE88250087E6ED /* Main.storyboard */; };
		F0B65D3E28FE88270087E6ED /* Assets.xcassets in Resources */ = {isa = PBXBuildFile; fileRef = F0B65D3D28FE88270087E6ED /* Assets.xcassets */; };
		F0B65D4128FE88270087E6ED /* LaunchScreen.storyboard in Resources */ = {isa = PBXBuildFile; fileRef = F0B65D3F28FE88270087E6ED /* LaunchScreen.storyboard */; };
		F0B65D4928FE8AAE0087E6ED /* Extension + ViewController.swift in Sources */ = {isa = PBXBuildFile; fileRef = F0B65D4828FE8AAE0087E6ED /* Extension + ViewController.swift */; };
		F0B65D4B28FEB46E0087E6ED /* APICaller.swift in Sources */ = {isa = PBXBuildFile; fileRef = F0B65D4A28FEB46E0087E6ED /* APICaller.swift */; };
		F0B65D4D28FEC6AE0087E6ED /* NewsTableViewCell.swift in Sources */ = {isa = PBXBuildFile; fileRef = F0B65D4C28FEC6AE0087E6ED /* NewsTableViewCell.swift */; };
/* End PBXBuildFile section */

/* Begin PBXFileReference section */
		F087C28828FF1CF800310A38 /* Models.swift */ = {isa = PBXFileReference; lastKnownFileType = sourcecode.swift; path = Models.swift; sourceTree = "<group>"; };
		F087C299290049F800310A38 /* Constant.swift */ = {isa = PBXFileReference; lastKnownFileType = sourcecode.swift; path = Constant.swift; sourceTree = "<group>"; };
		F087C29B2901514200310A38 /* TopNewsTableViewCell.swift */ = {isa = PBXFileReference; lastKnownFileType = sourcecode.swift; path = TopNewsTableViewCell.swift; sourceTree = "<group>"; };
		F0B65D3128FE88250087E6ED /* MyNewsChannel.app */ = {isa = PBXFileReference; explicitFileType = wrapper.application; includeInIndex = 0; path = MyNewsChannel.app; sourceTree = BUILT_PRODUCTS_DIR; };
		F0B65D3428FE88250087E6ED /* AppDelegate.swift */ = {isa = PBXFileReference; lastKnownFileType = sourcecode.swift; path = AppDelegate.swift; sourceTree = "<group>"; };
		F0B65D3628FE88250087E6ED /* SceneDelegate.swift */ = {isa = PBXFileReference; lastKnownFileType = sourcecode.swift; path = SceneDelegate.swift; sourceTree = "<group>"; };
		F0B65D3828FE88250087E6ED /* MainViewController.swift */ = {isa = PBXFileReference; lastKnownFileType = sourcecode.swift; path = MainViewController.swift; sourceTree = "<group>"; };
		F0B65D3B28FE88250087E6ED /* Base */ = {isa = PBXFileReference; lastKnownFileType = file.storyboard; name = Base; path = Base.lproj/Main.storyboard; sourceTree = "<group>"; };
		F0B65D3D28FE88270087E6ED /* Assets.xcassets */ = {isa = PBXFileReference; lastKnownFileType = folder.assetcatalog; path = Assets.xcassets; sourceTree = "<group>"; };
		F0B65D4028FE88270087E6ED /* Base */ = {isa = PBXFileReference; lastKnownFileType = file.storyboard; name = Base; path = Base.lproj/LaunchScreen.storyboard; sourceTree = "<group>"; };
		F0B65D4228FE88270087E6ED /* Info.plist */ = {isa = PBXFileReference; lastKnownFileType = text.plist.xml; path = Info.plist; sourceTree = "<group>"; };
		F0B65D4828FE8AAE0087E6ED /* Extension + ViewController.swift */ = {isa = PBXFileReference; lastKnownFileType = sourcecode.swift; path = "Extension + ViewController.swift"; sourceTree = "<group>"; };
		F0B65D4A28FEB46E0087E6ED /* APICaller.swift */ = {isa = PBXFileReference; lastKnownFileType = sourcecode.swift; path = APICaller.swift; sourceTree = "<group>"; };
		F0B65D4C28FEC6AE0087E6ED /* NewsTableViewCell.swift */ = {isa = PBXFileReference; lastKnownFileType = sourcecode.swift; path = NewsTableViewCell.swift; sourceTree = "<group>"; };
/* End PBXFileReference section */

/* Begin PBXFrameworksBuildPhase section */
		F0B65D2E28FE88250087E6ED /* Frameworks */ = {
			isa = PBXFrameworksBuildPhase;
			buildActionMask = 2147483647;
			files = (
			);
			runOnlyForDeploymentPostprocessing = 0;
		};
/* End PBXFrameworksBuildPhase section */

/* Begin PBXGroup section */
		F087C28A28FF27A200310A38 /* Models */ = {
			isa = PBXGroup;
			children = (
				F087C28828FF1CF800310A38 /* Models.swift */,
			);
			path = Models;
			sourceTree = "<group>";
		};
		F087C28B28FF27B500310A38 /* ViewControllers */ = {
			isa = PBXGroup;
			children = (
				F0B65D3828FE88250087E6ED /* MainViewController.swift */,
				F087C299290049F800310A38 /* Constant.swift */,
			);
			path = ViewControllers;
			sourceTree = "<group>";
		};
		F087C28C28FF27CA00310A38 /* API */ = {
			isa = PBXGroup;
			children = (
				F0B65D4A28FEB46E0087E6ED /* APICaller.swift */,
			);
			path = API;
			sourceTree = "<group>";
		};
		F087C28D28FF27D700310A38 /* Extension */ = {
			isa = PBXGroup;
			children = (
				F0B65D4828FE8AAE0087E6ED /* Extension + ViewController.swift */,
			);
			path = Extension;
			sourceTree = "<group>";
		};
		F087C28E28FF281900310A38 /* TableViewCell */ = {
			isa = PBXGroup;
			children = (
				F0B65D4C28FEC6AE0087E6ED /* NewsTableViewCell.swift */,
				F087C29B2901514200310A38 /* TopNewsTableViewCell.swift */,
			);
			path = TableViewCell;
			sourceTree = "<group>";
		};
		F0B65D2828FE88250087E6ED = {
			isa = PBXGroup;
			children = (
				F0B65D3328FE88250087E6ED /* MyNewsChannel */,
				F0B65D3228FE88250087E6ED /* Products */,
			);
			sourceTree = "<group>";
		};
		F0B65D3228FE88250087E6ED /* Products */ = {
			isa = PBXGroup;
			children = (
				F0B65D3128FE88250087E6ED /* MyNewsChannel.app */,
			);
			name = Products;
			sourceTree = "<group>";
		};
		F0B65D3328FE88250087E6ED /* MyNewsChannel */ = {
			isa = PBXGroup;
			children = (
				F0B65D3428FE88250087E6ED /* AppDelegate.swift */,
				F0B65D3628FE88250087E6ED /* SceneDelegate.swift */,
				F087C28E28FF281900310A38 /* TableViewCell */,
				F087C28C28FF27CA00310A38 /* API */,
				F087C28B28FF27B500310A38 /* ViewControllers */,
				F087C28A28FF27A200310A38 /* Models */,
				F087C28D28FF27D700310A38 /* Extension */,
				F0B65D3A28FE88250087E6ED /* Main.storyboard */,
				F0B65D3D28FE88270087E6ED /* Assets.xcassets */,
				F0B65D3F28FE88270087E6ED /* LaunchScreen.storyboard */,
				F0B65D4228FE88270087E6ED /* Info.plist */,
			);
			path = MyNewsChannel;
			sourceTree = "<group>";
		};
/* End PBXGroup section */

/* Begin PBXNativeTarget section */
		F0B65D3028FE88250087E6ED /* MyNewsChannel */ = {
			isa = PBXNativeTarget;
			buildConfigurationList = F0B65D4528FE88270087E6ED /* Build configuration list for PBXNativeTarget "MyNewsChannel" */;
			buildPhases = (
				F0B65D2D28FE88250087E6ED /* Sources */,
				F0B65D2E28FE88250087E6ED /* Frameworks */,
				F0B65D2F28FE88250087E6ED /* Resources */,
			);
			buildRules = (
			);
			dependencies = (
			);
			name = MyNewsChannel;
			productName = MyNewsChannel;
			productReference = F0B65D3128FE88250087E6ED /* MyNewsChannel.app */;
			productType = "com.apple.product-type.application";
		};
/* End PBXNativeTarget section */

/* Begin PBXProject section */
		F0B65D2928FE88250087E6ED /* Project object */ = {
			isa = PBXProject;
			attributes = {
				BuildIndependentTargetsInParallel = 1;
				LastSwiftUpdateCheck = 1340;
				LastUpgradeCheck = 1340;
				TargetAttributes = {
					F0B65D3028FE88250087E6ED = {
						CreatedOnToolsVersion = 13.4.1;
					};
				};
			};
			buildConfigurationList = F0B65D2C28FE88250087E6ED /* Build configuration list for PBXProject "MyNewsChannel" */;
			compatibilityVersion = "Xcode 13.0";
			developmentRegion = en;
			hasScannedForEncodings = 0;
			knownRegions = (
				en,
				Base,
			);
			mainGroup = F0B65D2828FE88250087E6ED;
			productRefGroup = F0B65D3228FE88250087E6ED /* Products */;
			projectDirPath = "";
			projectRoot = "";
			targets = (
				F0B65D3028FE88250087E6ED /* MyNewsChannel */,
			);
		};
/* End PBXProject section */

/* Begin PBXResourcesBuildPhase section */
		F0B65D2F28FE88250087E6ED /* Resources */ = {
			isa = PBXResourcesBuildPhase;
			buildActionMask = 2147483647;
			files = (
				F0B65D4128FE88270087E6ED /* LaunchScreen.storyboard in Resources */,
				F0B65D3E28FE88270087E6ED /* Assets.xcassets in Resources */,
				F0B65D3C28FE88250087E6ED /* Main.storyboard in Resources */,
			);
			runOnlyForDeploymentPostprocessing = 0;
		};
/* End PBXResourcesBuildPhase section */

/* Begin PBXSourcesBuildPhase section */
		F0B65D2D28FE88250087E6ED /* Sources */ = {
			isa = PBXSourcesBuildPhase;
			buildActionMask = 2147483647;
			files = (
				F0B65D3928FE88250087E6ED /* MainViewController.swift in Sources */,
				F0B65D3528FE88250087E6ED /* AppDelegate.swift in Sources */,
				F0B65D4D28FEC6AE0087E6ED /* NewsTableViewCell.swift in Sources */,
				F087C29A290049F800310A38 /* Constant.swift in Sources */,
				F0B65D3728FE88250087E6ED /* SceneDelegate.swift in Sources */,
				F087C28928FF1CF800310A38 /* Models.swift in Sources */,
				F0B65D4B28FEB46E0087E6ED /* APICaller.swift in Sources */,
				F0B65D4928FE8AAE0087E6ED /* Extension + ViewController.swift in Sources */,
				F087C29C2901514200310A38 /* TopNewsTableViewCell.swift in Sources */,
			);
			runOnlyForDeploymentPostprocessing = 0;
		};
/* End PBXSourcesBuildPhase section */

/* Begin PBXVariantGroup section */
		F0B65D3A28FE88250087E6ED /* Main.storyboard */ = {
			isa = PBXVariantGroup;
			children = (
				F0B65D3B28FE88250087E6ED /* Base */,
			);
			name = Main.storyboard;
			sourceTree = "<group>";
		};
		F0B65D3F28FE88270087E6ED /* LaunchScreen.storyboard */ = {
			isa = PBXVariantGroup;
			children = (
				F0B65D4028FE88270087E6ED /* Base */,
			);
			name = LaunchScreen.storyboard;
			sourceTree = "<group>";
		};
/* End PBXVariantGroup section */

/* Begin XCBuildConfiguration section */
		F0B65D4328FE88270087E6ED /* Debug */ = {
			isa = XCBuildConfiguration;
			buildSettings = {
				ALWAYS_SEARCH_USER_PATHS = NO;
				CLANG_ANALYZER_NONNULL = YES;
				CLANG_ANALYZER_NUMBER_OBJECT_CONVERSION = YES_AGGRESSIVE;
				CLANG_CXX_LANGUAGE_STANDARD = "gnu++17";
				CLANG_ENABLE_MODULES = YES;
				CLANG_ENABLE_OBJC_ARC = YES;
				CLANG_ENABLE_OBJC_WEAK = YES;
				CLANG_WARN_BLOCK_CAPTURE_AUTORELEASING = YES;
				CLANG_WARN_BOOL_CONVERSION = YES;
				CLANG_WARN_COMMA = YES;
				CLANG_WARN_CONSTANT_CONVERSION = YES;
				CLANG_WARN_DEPRECATED_OBJC_IMPLEMENTATIONS = YES;
				CLANG_WARN_DIRECT_OBJC_ISA_USAGE = YES_ERROR;
				CLANG_WARN_DOCUMENTATION_COMMENTS = YES;
				CLANG_WARN_EMPTY_BODY = YES;
				CLANG_WARN_ENUM_CONVERSION = YES;
				CLANG_WARN_INFINITE_RECURSION = YES;
				CLANG_WARN_INT_CONVERSION = YES;
				CLANG_WARN_NON_LITERAL_NULL_CONVERSION = YES;
				CLANG_WARN_OBJC_IMPLICIT_RETAIN_SELF = YES;
				CLANG_WARN_OBJC_LITERAL_CONVERSION = YES;
				CLANG_WARN_OBJC_ROOT_CLASS = YES_ERROR;
				CLANG_WARN_QUOTED_INCLUDE_IN_FRAMEWORK_HEADER = YES;
				CLANG_WARN_RANGE_LOOP_ANALYSIS = YES;
				CLANG_WARN_STRICT_PROTOTYPES = YES;
				CLANG_WARN_SUSPICIOUS_MOVE = YES;
				CLANG_WARN_UNGUARDED_AVAILABILITY = YES_AGGRESSIVE;
				CLANG_WARN_UNREACHABLE_CODE = YES;
				CLANG_WARN__DUPLICATE_METHOD_MATCH = YES;
				COPY_PHASE_STRIP = NO;
				DEBUG_INFORMATION_FORMAT = dwarf;
				ENABLE_STRICT_OBJC_MSGSEND = YES;
				ENABLE_TESTABILITY = YES;
				GCC_C_LANGUAGE_STANDARD = gnu11;
				GCC_DYNAMIC_NO_PIC = NO;
				GCC_NO_COMMON_BLOCKS = YES;
				GCC_OPTIMIZATION_LEVEL = 0;
				GCC_PREPROCESSOR_DEFINITIONS = (
					"DEBUG=1",
					"$(inherited)",
				);
				GCC_WARN_64_TO_32_BIT_CONVERSION = YES;
				GCC_WARN_ABOUT_RETURN_TYPE = YES_ERROR;
				GCC_WARN_UNDECLARED_SELECTOR = YES;
				GCC_WARN_UNINITIALIZED_AUTOS = YES_AGGRESSIVE;
				GCC_WARN_UNUSED_FUNCTION = YES;
				GCC_WARN_UNUSED_VARIABLE = YES;
				IPHONEOS_DEPLOYMENT_TARGET = 15.5;
				MTL_ENABLE_DEBUG_INFO = INCLUDE_SOURCE;
				MTL_FAST_MATH = YES;
				ONLY_ACTIVE_ARCH = YES;
				SDKROOT = iphoneos;
				SWIFT_ACTIVE_COMPILATION_CONDITIONS = DEBUG;
				SWIFT_OPTIMIZATION_LEVEL = "-Onone";
			};
			name = Debug;
		};
		F0B65D4428FE88270087E6ED /* Release */ = {
			isa = XCBuildConfiguration;
			buildSettings = {
				ALWAYS_SEARCH_USER_PATHS = NO;
				CLANG_ANALYZER_NONNULL = YES;
				CLANG_ANALYZER_NUMBER_OBJECT_CONVERSION = YES_AGGRESSIVE;
				CLANG_CXX_LANGUAGE_STANDARD = "gnu++17";
				CLANG_ENABLE_MODULES = YES;
				CLANG_ENABLE_OBJC_ARC = YES;
				CLANG_ENABLE_OBJC_WEAK = YES;
				CLANG_WARN_BLOCK_CAPTURE_AUTORELEASING = YES;
				CLANG_WARN_BOOL_CONVERSION = YES;
				CLANG_WARN_COMMA = YES;
				CLANG_WARN_CONSTANT_CONVERSION = YES;
				CLANG_WARN_DEPRECATED_OBJC_IMPLEMENTATIONS = YES;
				CLANG_WARN_DIRECT_OBJC_ISA_USAGE = YES_ERROR;
				CLANG_WARN_DOCUMENTATION_COMMENTS = YES;
				CLANG_WARN_EMPTY_BODY = YES;
				CLANG_WARN_ENUM_CONVERSION = YES;
				CLANG_WARN_INFINITE_RECURSION = YES;
				CLANG_WARN_INT_CONVERSION = YES;
				CLANG_WARN_NON_LITERAL_NULL_CONVERSION = YES;
				CLANG_WARN_OBJC_IMPLICIT_RETAIN_SELF = YES;
				CLANG_WARN_OBJC_LITERAL_CONVERSION = YES;
				CLANG_WARN_OBJC_ROOT_CLASS = YES_ERROR;
				CLANG_WARN_QUOTED_INCLUDE_IN_FRAMEWORK_HEADER = YES;
				CLANG_WARN_RANGE_LOOP_ANALYSIS = YES;
				CLANG_WARN_STRICT_PROTOTYPES = YES;
				CLANG_WARN_SUSPICIOUS_MOVE = YES;
				CLANG_WARN_UNGUARDED_AVAILABILITY = YES_AGGRESSIVE;
				CLANG_WARN_UNREACHABLE_CODE = YES;
				CLANG_WARN__DUPLICATE_METHOD_MATCH = YES;
				COPY_PHASE_STRIP = NO;
				DEBUG_INFORMATION_FORMAT = "dwarf-with-dsym";
				ENABLE_NS_ASSERTIONS = NO;
				ENABLE_STRICT_OBJC_MSGSEND = YES;
				GCC_C_LANGUAGE_STANDARD = gnu11;
				GCC_NO_COMMON_BLOCKS = YES;
				GCC_WARN_64_TO_32_BIT_CONVERSION = YES;
				GCC_WARN_ABOUT_RETURN_TYPE = YES_ERROR;
				GCC_WARN_UNDECLARED_SELECTOR = YES;
				GCC_WARN_UNINITIALIZED_AUTOS = YES_AGGRESSIVE;
				GCC_WARN_UNUSED_FUNCTION = YES;
				GCC_WARN_UNUSED_VARIABLE = YES;
				IPHONEOS_DEPLOYMENT_TARGET = 15.5;
				MTL_ENABLE_DEBUG_INFO = NO;
				MTL_FAST_MATH = YES;
				SDKROOT = iphoneos;
				SWIFT_COMPILATION_MODE = wholemodule;
				SWIFT_OPTIMIZATION_LEVEL = "-O";
				VALIDATE_PRODUCT = YES;
			};
			name = Release;
		};
		F0B65D4628FE88270087E6ED /* Debug */ = {
			isa = XCBuildConfiguration;
			buildSettings = {
				ASSETCATALOG_COMPILER_APPICON_NAME = AppIcon;
				ASSETCATALOG_COMPILER_GLOBAL_ACCENT_COLOR_NAME = AccentColor;
				CODE_SIGN_STYLE = Automatic;
				CURRENT_PROJECT_VERSION = 1;
				DEVELOPMENT_TEAM = JH9H9M9BFS;
				GENERATE_INFOPLIST_FILE = YES;
				INFOPLIST_FILE = MyNewsChannel/Info.plist;
				INFOPLIST_KEY_UIApplicationSupportsIndirectInputEvents = YES;
				INFOPLIST_KEY_UILaunchStoryboardName = LaunchScreen;
				INFOPLIST_KEY_UIMainStoryboardFile = Main;
				INFOPLIST_KEY_UISupportedInterfaceOrientations_iPad = "UIInterfaceOrientationPortrait UIInterfaceOrientationPortraitUpsideDown UIInterfaceOrientationLandscapeLeft UIInterfaceOrientationLandscapeRight";
				INFOPLIST_KEY_UISupportedInterfaceOrientations_iPhone = "UIInterfaceOrientationPortrait UIInterfaceOrientationLandscapeLeft UIInterfaceOrientationLandscapeRight";
				LD_RUNPATH_SEARCH_PATHS = (
					"$(inherited)",
					"@executable_path/Frameworks",
				);
				MARKETING_VERSION = 1.0;
				PRODUCT_BUNDLE_IDENTIFIER = NV.MyNewsChannel;
				PRODUCT_NAME = "$(TARGET_NAME)";
				SWIFT_EMIT_LOC_STRINGS = YES;
				SWIFT_VERSION = 5.0;
				TARGETED_DEVICE_FAMILY = "1,2";
			};
			name = Debug;
		};
		F0B65D4728FE88270087E6ED /* Release */ = {
			isa = XCBuildConfiguration;
			buildSettings = {
				ASSETCATALOG_COMPILER_APPICON_NAME = AppIcon;
				ASSETCATALOG_COMPILER_GLOBAL_ACCENT_COLOR_NAME = AccentColor;
				CODE_SIGN_STYLE = Automatic;
				CURRENT_PROJECT_VERSION = 1;
				DEVELOPMENT_TEAM = JH9H9M9BFS;
				GENERATE_INFOPLIST_FILE = YES;
				INFOPLIST_FILE = MyNewsChannel/Info.plist;
				INFOPLIST_KEY_UIApplicationSupportsIndirectInputEvents = YES;
				INFOPLIST_KEY_UILaunchStoryboardName = LaunchScreen;
				INFOPLIST_KEY_UIMainStoryboardFile = Main;
				INFOPLIST_KEY_UISupportedInterfaceOrientations_iPad = "UIInterfaceOrientationPortrait UIInterfaceOrientationPortraitUpsideDown UIInterfaceOrientationLandscapeLeft UIInterfaceOrientationLandscapeRight";
				INFOPLIST_KEY_UISupportedInterfaceOrientations_iPhone = "UIInterfaceOrientationPortrait UIInterfaceOrientationLandscapeLeft UIInterfaceOrientationLandscapeRight";
				LD_RUNPATH_SEARCH_PATHS = (
					"$(inherited)",
					"@executable_path/Frameworks",
				);
				MARKETING_VERSION = 1.0;
				PRODUCT_BUNDLE_IDENTIFIER = NV.MyNewsChannel;
				PRODUCT_NAME = "$(TARGET_NAME)";
				SWIFT_EMIT_LOC_STRINGS = YES;
				SWIFT_VERSION = 5.0;
				TARGETED_DEVICE_FAMILY = "1,2";
			};
			name = Release;
		};
/* End XCBuildConfiguration section */

/* Begin XCConfigurationList section */
		F0B65D2C28FE88250087E6ED /* Build configuration list for PBXProject "MyNewsChannel" */ = {
			isa = XCConfigurationList;
			buildConfigurations = (
				F0B65D4328FE88270087E6ED /* Debug */,
				F0B65D4428FE88270087E6ED /* Release */,
			);
			defaultConfigurationIsVisible = 0;
			defaultConfigurationName = Release;
		};
		F0B65D4528FE88270087E6ED /* Build configuration list for PBXNativeTarget "MyNewsChannel" */ = {
			isa = XCConfigurationList;
			buildConfigurations = (
				F0B65D4628FE88270087E6ED /* Debug */,
				F0B65D4728FE88270087E6ED /* Release */,
			);
			defaultConfigurationIsVisible = 0;
			defaultConfigurationName = Release;
		};
/* End XCConfigurationList section */
	};
	rootObject = F0B65D2928FE88250087E6ED /* Project object */;
}
